
Microsoft Visual Studio Solution File, Format Version 12.00
# Visual Studio Version 17
VisualStudioVersion = 17.9.34622.214
MinimumVisualStudioVersion = 10.0.40219.1
Project("{FAE04EC0-301F-11D3-BF4B-00C04F79EFBC}") = "Searching For Substring In String", "Searching For Substring In String\Searching For Substring In String.csproj", "{9B0295AB-1D7E-4CD4-BCAB-DB2F9ECD92CF}"
EndProject
Project("{FAE04EC0-301F-11D3-BF4B-00C04F79EFBC}") = "Searching For Substring In String Console", "SearchingForSubstringInStringConsole\Searching For Substring In String Console.csproj", "{DF1324FD-25C5-4C38-9EB0-0160ECEC1BA8}"
EndProject
Project("{FAE04EC0-301F-11D3-BF4B-00C04F79EFBC}") = "Searching For Substring In String Test", "Searching For Substring In String Test\Searching For Substring In String Test.csproj", "{72CF078C-A00F-4B74-94A0-13134139ADE2}"
EndProject
Global
	GlobalSection(SolutionConfigurationPlatforms) = preSolution
		Debug|Any CPU = Debug|Any CPU
		Release|Any CPU = Release|Any CPU
	EndGlobalSection
	GlobalSection(ProjectConfigurationPlatforms) = postSolution
		{9B0295AB-1D7E-4CD4-BCAB-DB2F9ECD92CF}.Debug|Any CPU.ActiveCfg = Debug|Any CPU
		{9B0295AB-1D7E-4CD4-BCAB-DB2F9ECD92CF}.Debug|Any CPU.Build.0 = Debug|Any CPU
		{9B0295AB-1D7E-4CD4-BCAB-DB2F9ECD92CF}.Release|Any CPU.ActiveCfg = Release|Any CPU
		{9B0295AB-1D7E-4CD4-BCAB-DB2F9ECD92CF}.Release|Any CPU.Build.0 = Release|Any CPU
		{DF1324FD-25C5-4C38-9EB0-0160ECEC1BA8}.Debug|Any CPU.ActiveCfg = Debug|Any CPU
		{DF1324FD-25C5-4C38-9EB0-0160ECEC1BA8}.Debug|Any CPU.Build.0 = Debug|Any CPU
		{DF1324FD-25C5-4C38-9EB0-0160ECEC1BA8}.Release|Any CPU.ActiveCfg = Release|Any CPU
		{DF1324FD-25C5-4C38-9EB0-0160ECEC1BA8}.Release|Any CPU.Build.0 = Release|Any CPU
		{72CF078C-A00F-4B74-94A0-13134139ADE2}.Debug|Any CPU.ActiveCfg = Debug|Any CPU
		{72CF078C-A00F-4B74-94A0-13134139ADE2}.Debug|Any CPU.Build.0 = Debug|Any CPU
		{72CF078C-A00F-4B74-94A0-13134139ADE2}.Release|Any CPU.ActiveCfg = Release|Any CPU
		{72CF078C-A00F-4B74-94A0-13134139ADE2}.Release|Any CPU.Build.0 = Release|Any CPU
	EndGlobalSection
	GlobalSection(SolutionProperties) = preSolution
		HideSolutionNode = FALSE
	EndGlobalSection
	GlobalSection(ExtensibilityGlobals) = postSolution
		SolutionGuid = {EAB2DEDF-7666-4293-A0E5-BD012A0B0F0E}
	EndGlobalSection
EndGlobal
